
Microsoft Visual Studio Solution File, Format Version 12.00
# Visual Studio Version 17
VisualStudioVersion = 17.3.32922.545
MinimumVisualStudioVersion = 10.0.40219.1
Project("{FAE04EC0-301F-11D3-BF4B-00C04F79EFBC}") = "BytebankAlura", "BytebankAlura\BytebankAlura.csproj", "{A51FC937-99D1-429B-91FA-B8C6CF4B6849}"
EndProject
Global
	GlobalSection(SolutionConfigurationPlatforms) = preSolution
		Debug|Any CPU = Debug|Any CPU
		Release|Any CPU = Release|Any CPU
	EndGlobalSection
	GlobalSection(ProjectConfigurationPlatforms) = postSolution
		{A51FC937-99D1-429B-91FA-B8C6CF4B6849}.Debug|Any CPU.ActiveCfg = Debug|Any CPU
		{A51FC937-99D1-429B-91FA-B8C6CF4B6849}.Debug|Any CPU.Build.0 = Debug|Any CPU
		{A51FC937-99D1-429B-91FA-B8C6CF4B6849}.Release|Any CPU.ActiveCfg = Release|Any CPU
		{A51FC937-99D1-429B-91FA-B8C6CF4B6849}.Release|Any CPU.Build.0 = Release|Any CPU
	EndGlobalSection
	GlobalSection(SolutionProperties) = preSolution
		HideSolutionNode = FALSE
	EndGlobalSection
	GlobalSection(ExtensibilityGlobals) = postSolution
		SolutionGuid = {A577F4AB-CF5E-46A2-92B0-71EDEB073D25}
	EndGlobalSection
EndGlobal
